
Microsoft Visual Studio Solution File, Format Version 12.00
# Visual Studio Version 17
VisualStudioVersion = 17.5.33424.131
MinimumVisualStudioVersion = 10.0.40219.1
Project("{8BC9CEB8-8B4A-11D0-8D11-00A0C91BC942}") = "Coord_Graph", "Coord_Graph\Coord_Graph.vcxproj", "{5655E6BB-11E1-4594-AB95-252B39985C82}"
EndProject
Global
	GlobalSection(SolutionConfigurationPlatforms) = preSolution
		Debug|x64 = Debug|x64
		Debug|x86 = Debug|x86
		Release|x64 = Release|x64
		Release|x86 = Release|x86
	EndGlobalSection
	GlobalSection(ProjectConfigurationPlatforms) = postSolution
		{5655E6BB-11E1-4594-AB95-252B39985C82}.Debug|x64.ActiveCfg = Debug|x64
		{5655E6BB-11E1-4594-AB95-252B39985C82}.Debug|x64.Build.0 = Debug|x64
		{5655E6BB-11E1-4594-AB95-252B39985C82}.Debug|x86.ActiveCfg = Debug|Win32
		{5655E6BB-11E1-4594-AB95-252B39985C82}.Debug|x86.Build.0 = Debug|Win32
		{5655E6BB-11E1-4594-AB95-252B39985C82}.Release|x64.ActiveCfg = Release|x64
		{5655E6BB-11E1-4594-AB95-252B39985C82}.Release|x64.Build.0 = Release|x64
		{5655E6BB-11E1-4594-AB95-252B39985C82}.Release|x86.ActiveCfg = Release|Win32
		{5655E6BB-11E1-4594-AB95-252B39985C82}.Release|x86.Build.0 = Release|Win32
	EndGlobalSection
	GlobalSection(SolutionProperties) = preSolution
		HideSolutionNode = FALSE
	EndGlobalSection
	GlobalSection(ExtensibilityGlobals) = postSolution
		SolutionGuid = {5B01F10A-E075-4812-B001-730175B55128}
	EndGlobalSection
EndGlobal
